
Microsoft Visual Studio Solution File, Format Version 12.00
# Visual Studio 2012
Project("{E24C65DC-7377-472B-9ABA-BC803B73C61A}") = "sms", ".", "{C0224FF4-4EA7-4449-9394-A8E8F7308CB2}"
	ProjectSection(WebsiteProperties) = preProject
		TargetFrameworkMoniker = ".NETFramework,Version%3Dv4.0"
		Debug.AspNetCompiler.VirtualPath = "/sms"
		Debug.AspNetCompiler.PhysicalPath = "..\sms\"
		Debug.AspNetCompiler.TargetPath = "PrecompiledWeb\sms\"
		Debug.AspNetCompiler.Updateable = "true"
		Debug.AspNetCompiler.ForceOverwrite = "true"
		Debug.AspNetCompiler.FixedNames = "false"
		Debug.AspNetCompiler.Debug = "True"
		Release.AspNetCompiler.VirtualPath = "/sms"
		Release.AspNetCompiler.PhysicalPath = "..\sms\"
		Release.AspNetCompiler.TargetPath = "PrecompiledWeb\sms\"
		Release.AspNetCompiler.Updateable = "true"
		Release.AspNetCompiler.ForceOverwrite = "true"
		Release.AspNetCompiler.FixedNames = "false"
		Release.AspNetCompiler.Debug = "False"
		VWDPort = "64517"
	EndProjectSection
EndProject
Global
	GlobalSection(SolutionConfigurationPlatforms) = preSolution
		Debug|Any CPU = Debug|Any CPU
	EndGlobalSection
	GlobalSection(ProjectConfigurationPlatforms) = postSolution
		{C0224FF4-4EA7-4449-9394-A8E8F7308CB2}.Debug|Any CPU.ActiveCfg = Debug|Any CPU
		{C0224FF4-4EA7-4449-9394-A8E8F7308CB2}.Debug|Any CPU.Build.0 = Debug|Any CPU
	EndGlobalSection
	GlobalSection(SolutionProperties) = preSolution
		HideSolutionNode = FALSE
	EndGlobalSection
EndGlobal
